// !$*UTF8*$!
{
	archiveVersion = 1;
	classes = {
	};
	objectVersion = 50;
	objects = {

/* Begin PBXBuildFile section */
		7380B4D4ADBB0336951A9B61 /* Pods_ArchitectureInteropTests.framework in Frameworks */ = {isa = PBXBuildFile; fileRef = 53C30CE9FBDC53973026BAF6 /* Pods_ArchitectureInteropTests.framework */; };
		A0F41CFC219DE13D00598E4D /* AppDelegate.swift in Sources */ = {isa = PBXBuildFile; fileRef = A0F41CFB219DE13D00598E4D /* AppDelegate.swift */; };
		A0F41CFE219DE13D00598E4D /* ViewController.swift in Sources */ = {isa = PBXBuildFile; fileRef = A0F41CFD219DE13D00598E4D /* ViewController.swift */; };
		A0F41D01219DE13D00598E4D /* Main.storyboard in Resources */ = {isa = PBXBuildFile; fileRef = A0F41CFF219DE13D00598E4D /* Main.storyboard */; };
		A0F41D03219DE13F00598E4D /* Assets.xcassets in Resources */ = {isa = PBXBuildFile; fileRef = A0F41D02219DE13F00598E4D /* Assets.xcassets */; };
		A0F41D06219DE13F00598E4D /* LaunchScreen.storyboard in Resources */ = {isa = PBXBuildFile; fileRef = A0F41D04219DE13F00598E4D /* LaunchScreen.storyboard */; };
		A0F41D11219DE13F00598E4D /* ArchitectureInteropTests.swift in Sources */ = {isa = PBXBuildFile; fileRef = A0F41D10219DE13F00598E4D /* ArchitectureInteropTests.swift */; };
		DD83A743D4EBF2FEF3D3626D /* Pods_ArchitectureInterop.framework in Frameworks */ = {isa = PBXBuildFile; fileRef = AF495BAF94A5E89B15CF44DC /* Pods_ArchitectureInterop.framework */; };
/* End PBXBuildFile section */

/* Begin PBXContainerItemProxy section */
		A0F41D0D219DE13F00598E4D /* PBXContainerItemProxy */ = {
			isa = PBXContainerItemProxy;
			containerPortal = A0F41CF0219DE13D00598E4D /* Project object */;
			proxyType = 1;
			remoteGlobalIDString = A0F41CF7219DE13D00598E4D;
			remoteInfo = ArchitectureInterop;
		};
/* End PBXContainerItemProxy section */

/* Begin PBXFileReference section */
		2E7522E71AE851E7E98040B0 /* Pods-ArchitectureInteropTests.release.xcconfig */ = {isa = PBXFileReference; includeInIndex = 1; lastKnownFileType = text.xcconfig; name = "Pods-ArchitectureInteropTests.release.xcconfig"; path = "Pods/Target Support Files/Pods-ArchitectureInteropTests/Pods-ArchitectureInteropTests.release.xcconfig"; sourceTree = "<group>"; };
		403F960077449430D50A60E0 /* Pods-ArchitectureInterop.debug.xcconfig */ = {isa = PBXFileReference; includeInIndex = 1; lastKnownFileType = text.xcconfig; name = "Pods-ArchitectureInterop.debug.xcconfig"; path = "Pods/Target Support Files/Pods-ArchitectureInterop/Pods-ArchitectureInterop.debug.xcconfig"; sourceTree = "<group>"; };
		53C30CE9FBDC53973026BAF6 /* Pods_ArchitectureInteropTests.framework */ = {isa = PBXFileReference; explicitFileType = wrapper.framework; includeInIndex = 0; path = Pods_ArchitectureInteropTests.framework; sourceTree = BUILT_PRODUCTS_DIR; };
		9F268863FC9B270D11DFF170 /* Pods-ArchitectureInteropTests.debug.xcconfig */ = {isa = PBXFileReference; includeInIndex = 1; lastKnownFileType = text.xcconfig; name = "Pods-ArchitectureInteropTests.debug.xcconfig"; path = "Pods/Target Support Files/Pods-ArchitectureInteropTests/Pods-ArchitectureInteropTests.debug.xcconfig"; sourceTree = "<group>"; };
		A0F41CF8219DE13D00598E4D /* ArchitectureInterop.app */ = {isa = PBXFileReference; explicitFileType = wrapper.application; includeInIndex = 0; path = ArchitectureInterop.app; sourceTree = BUILT_PRODUCTS_DIR; };
		A0F41CFB219DE13D00598E4D /* AppDelegate.swift */ = {isa = PBXFileReference; lastKnownFileType = sourcecode.swift; path = AppDelegate.swift; sourceTree = "<group>"; };
		A0F41CFD219DE13D00598E4D /* ViewController.swift */ = {isa = PBXFileReference; lastKnownFileType = sourcecode.swift; path = ViewController.swift; sourceTree = "<group>"; };
		A0F41D00219DE13D00598E4D /* Base */ = {isa = PBXFileReference; lastKnownFileType = file.storyboard; name = Base; path = Base.lproj/Main.storyboard; sourceTree = "<group>"; };
		A0F41D02219DE13F00598E4D /* Assets.xcassets */ = {isa = PBXFileReference; lastKnownFileType = folder.assetcatalog; path = Assets.xcassets; sourceTree = "<group>"; };
		A0F41D05219DE13F00598E4D /* Base */ = {isa = PBXFileReference; lastKnownFileType = file.storyboard; name = Base; path = Base.lproj/LaunchScreen.storyboard; sourceTree = "<group>"; };
		A0F41D07219DE13F00598E4D /* Info.plist */ = {isa = PBXFileReference; lastKnownFileType = text.plist.xml; path = Info.plist; sourceTree = "<group>"; };
		A0F41D0C219DE13F00598E4D /* ArchitectureInteropTests.xctest */ = {isa = PBXFileReference; explicitFileType = wrapper.cfbundle; includeInIndex = 0; path = ArchitectureInteropTests.xctest; sourceTree = BUILT_PRODUCTS_DIR; };
		A0F41D10219DE13F00598E4D /* ArchitectureInteropTests.swift */ = {isa = PBXFileReference; lastKnownFileType = sourcecode.swift; path = ArchitectureInteropTests.swift; sourceTree = "<group>"; };
		A0F41D12219DE13F00598E4D /* Info.plist */ = {isa = PBXFileReference; lastKnownFileType = text.plist.xml; path = Info.plist; sourceTree = "<group>"; };
		AF495BAF94A5E89B15CF44DC /* Pods_ArchitectureInterop.framework */ = {isa = PBXFileReference; explicitFileType = wrapper.framework; includeInIndex = 0; path = Pods_ArchitectureInterop.framework; sourceTree = BUILT_PRODUCTS_DIR; };
		DD8A9260ECF022BFAACA6EF3 /* Pods-ArchitectureInterop.release.xcconfig */ = {isa = PBXFileReference; includeInIndex = 1; lastKnownFileType = text.xcconfig; name = "Pods-ArchitectureInterop.release.xcconfig"; path = "Pods/Target Support Files/Pods-ArchitectureInterop/Pods-ArchitectureInterop.release.xcconfig"; sourceTree = "<group>"; };
/* End PBXFileReference section */

/* Begin PBXFrameworksBuildPhase section */
		A0F41CF5219DE13D00598E4D /* Frameworks */ = {
			isa = PBXFrameworksBuildPhase;
			buildActionMask = 2147483647;
			files = (
				DD83A743D4EBF2FEF3D3626D /* Pods_ArchitectureInterop.framework in Frameworks */,
			);
			runOnlyForDeploymentPostprocessing = 0;
		};
		A0F41D09219DE13F00598E4D /* Frameworks */ = {
			isa = PBXFrameworksBuildPhase;
			buildActionMask = 2147483647;
			files = (
				7380B4D4ADBB0336951A9B61 /* Pods_ArchitectureInteropTests.framework in Frameworks */,
			);
			runOnlyForDeploymentPostprocessing = 0;
		};
/* End PBXFrameworksBuildPhase section */

/* Begin PBXGroup section */
		A0F41CEF219DE13D00598E4D = {
			isa = PBXGroup;
			children = (
				A0F41CFA219DE13D00598E4D /* ArchitectureInterop */,
				A0F41D0F219DE13F00598E4D /* ArchitectureInteropTests */,
				A0F41CF9219DE13D00598E4D /* Products */,
				B17F58701D19B7E094D47372 /* Pods */,
				B2BD8642077D04B2039D1F98 /* Frameworks */,
			);
			sourceTree = "<group>";
		};
		A0F41CF9219DE13D00598E4D /* Products */ = {
			isa = PBXGroup;
			children = (
				A0F41CF8219DE13D00598E4D /* ArchitectureInterop.app */,
				A0F41D0C219DE13F00598E4D /* ArchitectureInteropTests.xctest */,
			);
			name = Products;
			sourceTree = "<group>";
		};
		A0F41CFA219DE13D00598E4D /* ArchitectureInterop */ = {
			isa = PBXGroup;
			children = (
				A0F41CFB219DE13D00598E4D /* AppDelegate.swift */,
				A0F41CFD219DE13D00598E4D /* ViewController.swift */,
				A0F41CFF219DE13D00598E4D /* Main.storyboard */,
				A0F41D02219DE13F00598E4D /* Assets.xcassets */,
				A0F41D04219DE13F00598E4D /* LaunchScreen.storyboard */,
				A0F41D07219DE13F00598E4D /* Info.plist */,
			);
			path = ArchitectureInterop;
			sourceTree = "<group>";
		};
		A0F41D0F219DE13F00598E4D /* ArchitectureInteropTests */ = {
			isa = PBXGroup;
			children = (
				A0F41D10219DE13F00598E4D /* ArchitectureInteropTests.swift */,
				A0F41D12219DE13F00598E4D /* Info.plist */,
			);
			path = ArchitectureInteropTests;
			sourceTree = "<group>";
		};
		B17F58701D19B7E094D47372 /* Pods */ = {
			isa = PBXGroup;
			children = (
				403F960077449430D50A60E0 /* Pods-ArchitectureInterop.debug.xcconfig */,
				DD8A9260ECF022BFAACA6EF3 /* Pods-ArchitectureInterop.release.xcconfig */,
				9F268863FC9B270D11DFF170 /* Pods-ArchitectureInteropTests.debug.xcconfig */,
				2E7522E71AE851E7E98040B0 /* Pods-ArchitectureInteropTests.release.xcconfig */,
			);
			name = Pods;
			sourceTree = "<group>";
		};
		B2BD8642077D04B2039D1F98 /* Frameworks */ = {
			isa = PBXGroup;
			children = (
				AF495BAF94A5E89B15CF44DC /* Pods_ArchitectureInterop.framework */,
				53C30CE9FBDC53973026BAF6 /* Pods_ArchitectureInteropTests.framework */,
			);
			name = Frameworks;
			sourceTree = "<group>";
		};
/* End PBXGroup section */

/* Begin PBXNativeTarget section */
		A0F41CF7219DE13D00598E4D /* ArchitectureInterop */ = {
			isa = PBXNativeTarget;
			buildConfigurationList = A0F41D15219DE13F00598E4D /* Build configuration list for PBXNativeTarget "ArchitectureInterop" */;
			buildPhases = (
				CC75729F877EBF9F1940B009 /* [CP] Check Pods Manifest.lock */,
				A0F41CF4219DE13D00598E4D /* Sources */,
				A0F41CF5219DE13D00598E4D /* Frameworks */,
				A0F41CF6219DE13D00598E4D /* Resources */,
				67363996B116D5E58D6510DD /* [CP] Embed Pods Frameworks */,
			);
			buildRules = (
			);
			dependencies = (
			);
			name = ArchitectureInterop;
			productName = ArchitectureInterop;
			productReference = A0F41CF8219DE13D00598E4D /* ArchitectureInterop.app */;
			productType = "com.apple.product-type.application";
		};
		A0F41D0B219DE13F00598E4D /* ArchitectureInteropTests */ = {
			isa = PBXNativeTarget;
			buildConfigurationList = A0F41D18219DE13F00598E4D /* Build configuration list for PBXNativeTarget "ArchitectureInteropTests" */;
			buildPhases = (
				AD8FB85157FA93AECFE48D5E /* [CP] Check Pods Manifest.lock */,
				A0F41D08219DE13F00598E4D /* Sources */,
				A0F41D09219DE13F00598E4D /* Frameworks */,
				A0F41D0A219DE13F00598E4D /* Resources */,
			);
			buildRules = (
			);
			dependencies = (
				A0F41D0E219DE13F00598E4D /* PBXTargetDependency */,
			);
			name = ArchitectureInteropTests;
			productName = ArchitectureInteropTests;
			productReference = A0F41D0C219DE13F00598E4D /* ArchitectureInteropTests.xctest */;
			productType = "com.apple.product-type.bundle.unit-test";
		};
/* End PBXNativeTarget section */

/* Begin PBXProject section */
		A0F41CF0219DE13D00598E4D /* Project object */ = {
			isa = PBXProject;
			attributes = {
				LastSwiftUpdateCheck = 1010;
				LastUpgradeCheck = 1010;
				ORGANIZATIONNAME = "Eduardo Pinto";
				TargetAttributes = {
					A0F41CF7219DE13D00598E4D = {
						CreatedOnToolsVersion = 10.1;
					};
					A0F41D0B219DE13F00598E4D = {
						CreatedOnToolsVersion = 10.1;
						TestTargetID = A0F41CF7219DE13D00598E4D;
					};
				};
			};
			buildConfigurationList = A0F41CF3219DE13D00598E4D /* Build configuration list for PBXProject "ArchitectureInterop" */;
			compatibilityVersion = "Xcode 9.3";
			developmentRegion = en;
			hasScannedForEncodings = 0;
			knownRegions = (
				en,
				Base,
			);
			mainGroup = A0F41CEF219DE13D00598E4D;
			productRefGroup = A0F41CF9219DE13D00598E4D /* Products */;
			projectDirPath = "";
			projectRoot = "";
			targets = (
				A0F41CF7219DE13D00598E4D /* ArchitectureInterop */,
				A0F41D0B219DE13F00598E4D /* ArchitectureInteropTests */,
			);
		};
/* End PBXProject section */

/* Begin PBXResourcesBuildPhase section */
		A0F41CF6219DE13D00598E4D /* Resources */ = {
			isa = PBXResourcesBuildPhase;
			buildActionMask = 2147483647;
			files = (
				A0F41D06219DE13F00598E4D /* LaunchScreen.storyboard in Resources */,
				A0F41D03219DE13F00598E4D /* Assets.xcassets in Resources */,
				A0F41D01219DE13D00598E4D /* Main.storyboard in Resources */,
			);
			runOnlyForDeploymentPostprocessing = 0;
		};
		A0F41D0A219DE13F00598E4D /* Resources */ = {
			isa = PBXResourcesBuildPhase;
			buildActionMask = 2147483647;
			files = (
			);
			runOnlyForDeploymentPostprocessing = 0;
		};
/* End PBXResourcesBuildPhase section */

/* Begin PBXShellScriptBuildPhase section */
		67363996B116D5E58D6510DD /* [CP] Embed Pods Frameworks */ = {
			isa = PBXShellScriptBuildPhase;
			buildActionMask = 2147483647;
			files = (
			);
			inputPaths = (
				"${SRCROOT}/Pods/Target Support Files/Pods-ArchitectureInterop/Pods-ArchitectureInterop-frameworks.sh",
				"${BUILT_PRODUCTS_DIR}/Alamofire/Alamofire.framework",
				"${BUILT_PRODUCTS_DIR}/Moya/Moya.framework",
				"${BUILT_PRODUCTS_DIR}/Result/Result.framework",
				"${BUILT_PRODUCTS_DIR}/RxCocoa/RxCocoa.framework",
				"${BUILT_PRODUCTS_DIR}/RxSwift/RxSwift.framework",
			);
			name = "[CP] Embed Pods Frameworks";
			outputPaths = (
				"${TARGET_BUILD_DIR}/${FRAMEWORKS_FOLDER_PATH}/Alamofire.framework",
				"${TARGET_BUILD_DIR}/${FRAMEWORKS_FOLDER_PATH}/Moya.framework",
				"${TARGET_BUILD_DIR}/${FRAMEWORKS_FOLDER_PATH}/Result.framework",
				"${TARGET_BUILD_DIR}/${FRAMEWORKS_FOLDER_PATH}/RxCocoa.framework",
				"${TARGET_BUILD_DIR}/${FRAMEWORKS_FOLDER_PATH}/RxSwift.framework",
			);
			runOnlyForDeploymentPostprocessing = 0;
			shellPath = /bin/sh;
			shellScript = "\"${SRCROOT}/Pods/Target Support Files/Pods-ArchitectureInterop/Pods-ArchitectureInterop-frameworks.sh\"\n";
			showEnvVarsInLog = 0;
		};
		AD8FB85157FA93AECFE48D5E /* [CP] Check Pods Manifest.lock */ = {
			isa = PBXShellScriptBuildPhase;
			buildActionMask = 2147483647;
			files = (
			);
			inputPaths = (
				"${PODS_PODFILE_DIR_PATH}/Podfile.lock",
				"${PODS_ROOT}/Manifest.lock",
			);
			name = "[CP] Check Pods Manifest.lock";
			outputPaths = (
				"$(DERIVED_FILE_DIR)/Pods-ArchitectureInteropTests-checkManifestLockResult.txt",
			);
			runOnlyForDeploymentPostprocessing = 0;
			shellPath = /bin/sh;
			shellScript = "diff \"${PODS_PODFILE_DIR_PATH}/Podfile.lock\" \"${PODS_ROOT}/Manifest.lock\" > /dev/null\nif [ $? != 0 ] ; then\n    # print error to STDERR\n    echo \"error: The sandbox is not in sync with the Podfile.lock. Run 'pod install' or update your CocoaPods installation.\" >&2\n    exit 1\nfi\n# This output is used by Xcode 'outputs' to avoid re-running this script phase.\necho \"SUCCESS\" > \"${SCRIPT_OUTPUT_FILE_0}\"\n";
			showEnvVarsInLog = 0;
		};
		CC75729F877EBF9F1940B009 /* [CP] Check Pods Manifest.lock */ = {
			isa = PBXShellScriptBuildPhase;
			buildActionMask = 2147483647;
			files = (
			);
			inputPaths = (
				"${PODS_PODFILE_DIR_PATH}/Podfile.lock",
				"${PODS_ROOT}/Manifest.lock",
			);
			name = "[CP] Check Pods Manifest.lock";
			outputPaths = (
				"$(DERIVED_FILE_DIR)/Pods-ArchitectureInterop-checkManifestLockResult.txt",
			);
			runOnlyForDeploymentPostprocessing = 0;
			shellPath = /bin/sh;
			shellScript = "diff \"${PODS_PODFILE_DIR_PATH}/Podfile.lock\" \"${PODS_ROOT}/Manifest.lock\" > /dev/null\nif [ $? != 0 ] ; then\n    # print error to STDERR\n    echo \"error: The sandbox is not in sync with the Podfile.lock. Run 'pod install' or update your CocoaPods installation.\" >&2\n    exit 1\nfi\n# This output is used by Xcode 'outputs' to avoid re-running this script phase.\necho \"SUCCESS\" > \"${SCRIPT_OUTPUT_FILE_0}\"\n";
			showEnvVarsInLog = 0;
		};
/* End PBXShellScriptBuildPhase section */

/* Begin PBXSourcesBuildPhase section */
		A0F41CF4219DE13D00598E4D /* Sources */ = {
			isa = PBXSourcesBuildPhase;
			buildActionMask = 2147483647;
			files = (
				A0F41CFE219DE13D00598E4D /* ViewController.swift in Sources */,
				A0F41CFC219DE13D00598E4D /* AppDelegate.swift in Sources */,
			);
			runOnlyForDeploymentPostprocessing = 0;
		};
		A0F41D08219DE13F00598E4D /* Sources */ = {
			isa = PBXSourcesBuildPhase;
			buildActionMask = 2147483647;
			files = (
				A0F41D11219DE13F00598E4D /* ArchitectureInteropTests.swift in Sources */,
			);
			runOnlyForDeploymentPostprocessing = 0;
		};
/* End PBXSourcesBuildPhase section */

/* Begin PBXTargetDependency section */
		A0F41D0E219DE13F00598E4D /* PBXTargetDependency */ = {
			isa = PBXTargetDependency;
			target = A0F41CF7219DE13D00598E4D /* ArchitectureInterop */;
			targetProxy = A0F41D0D219DE13F00598E4D /* PBXContainerItemProxy */;
		};
/* End PBXTargetDependency section */

/* Begin PBXVariantGroup section */
		A0F41CFF219DE13D00598E4D /* Main.storyboard */ = {
			isa = PBXVariantGroup;
			children = (
				A0F41D00219DE13D00598E4D /* Base */,
			);
			name = Main.storyboard;
			sourceTree = "<group>";
		};
		A0F41D04219DE13F00598E4D /* LaunchScreen.storyboard */ = {
			isa = PBXVariantGroup;
			children = (
				A0F41D05219DE13F00598E4D /* Base */,
			);
			name = LaunchScreen.storyboard;
			sourceTree = "<group>";
		};
/* End PBXVariantGroup section */

/* Begin XCBuildConfiguration section */
		A0F41D13219DE13F00598E4D /* Debug */ = {
			isa = XCBuildConfiguration;
			buildSettings = {
				ALWAYS_SEARCH_USER_PATHS = NO;
				CLANG_ANALYZER_NONNULL = YES;
				CLANG_ANALYZER_NUMBER_OBJECT_CONVERSION = YES_AGGRESSIVE;
				CLANG_CXX_LANGUAGE_STANDARD = "gnu++14";
				CLANG_CXX_LIBRARY = "libc++";
				CLANG_ENABLE_MODULES = YES;
				CLANG_ENABLE_OBJC_ARC = YES;
				CLANG_ENABLE_OBJC_WEAK = YES;
				CLANG_WARN_BLOCK_CAPTURE_AUTORELEASING = YES;
				CLANG_WARN_BOOL_CONVERSION = YES;
				CLANG_WARN_COMMA = YES;
				CLANG_WARN_CONSTANT_CONVERSION = YES;
				CLANG_WARN_DEPRECATED_OBJC_IMPLEMENTATIONS = YES;
				CLANG_WARN_DIRECT_OBJC_ISA_USAGE = YES_ERROR;
				CLANG_WARN_DOCUMENTATION_COMMENTS = YES;
				CLANG_WARN_EMPTY_BODY = YES;
				CLANG_WARN_ENUM_CONVERSION = YES;
				CLANG_WARN_INFINITE_RECURSION = YES;
				CLANG_WARN_INT_CONVERSION = YES;
				CLANG_WARN_NON_LITERAL_NULL_CONVERSION = YES;
				CLANG_WARN_OBJC_IMPLICIT_RETAIN_SELF = YES;
				CLANG_WARN_OBJC_LITERAL_CONVERSION = YES;
				CLANG_WARN_OBJC_ROOT_CLASS = YES_ERROR;
				CLANG_WARN_RANGE_LOOP_ANALYSIS = YES;
				CLANG_WARN_STRICT_PROTOTYPES = YES;
				CLANG_WARN_SUSPICIOUS_MOVE = YES;
				CLANG_WARN_UNGUARDED_AVAILABILITY = YES_AGGRESSIVE;
				CLANG_WARN_UNREACHABLE_CODE = YES;
				CLANG_WARN__DUPLICATE_METHOD_MATCH = YES;
				CODE_SIGN_IDENTITY = "iPhone Developer";
				COPY_PHASE_STRIP = NO;
				DEBUG_INFORMATION_FORMAT = dwarf;
				ENABLE_STRICT_OBJC_MSGSEND = YES;
				ENABLE_TESTABILITY = YES;
				GCC_C_LANGUAGE_STANDARD = gnu11;
				GCC_DYNAMIC_NO_PIC = NO;
				GCC_NO_COMMON_BLOCKS = YES;
				GCC_OPTIMIZATION_LEVEL = 0;
				GCC_PREPROCESSOR_DEFINITIONS = (
					"DEBUG=1",
					"$(inherited)",
				);
				GCC_WARN_64_TO_32_BIT_CONVERSION = YES;
				GCC_WARN_ABOUT_RETURN_TYPE = YES_ERROR;
				GCC_WARN_UNDECLARED_SELECTOR = YES;
				GCC_WARN_UNINITIALIZED_AUTOS = YES_AGGRESSIVE;
				GCC_WARN_UNUSED_FUNCTION = YES;
				GCC_WARN_UNUSED_VARIABLE = YES;
				IPHONEOS_DEPLOYMENT_TARGET = 12.1;
				MTL_ENABLE_DEBUG_INFO = INCLUDE_SOURCE;
				MTL_FAST_MATH = YES;
				ONLY_ACTIVE_ARCH = YES;
				SDKROOT = iphoneos;
				SWIFT_ACTIVE_COMPILATION_CONDITIONS = DEBUG;
				SWIFT_OPTIMIZATION_LEVEL = "-Onone";
			};
			name = Debug;
		};
		A0F41D14219DE13F00598E4D /* Release */ = {
			isa = XCBuildConfiguration;
			buildSettings = {
				ALWAYS_SEARCH_USER_PATHS = NO;
				CLANG_ANALYZER_NONNULL = YES;
				CLANG_ANALYZER_NUMBER_OBJECT_CONVERSION = YES_AGGRESSIVE;
				CLANG_CXX_LANGUAGE_STANDARD = "gnu++14";
				CLANG_CXX_LIBRARY = "libc++";
				CLANG_ENABLE_MODULES = YES;
				CLANG_ENABLE_OBJC_ARC = YES;
				CLANG_ENABLE_OBJC_WEAK = YES;
				CLANG_WARN_BLOCK_CAPTURE_AUTORELEASING = YES;
				CLANG_WARN_BOOL_CONVERSION = YES;
				CLANG_WARN_COMMA = YES;
				CLANG_WARN_CONSTANT_CONVERSION = YES;
				CLANG_WARN_DEPRECATED_OBJC_IMPLEMENTATIONS = YES;
				CLANG_WARN_DIRECT_OBJC_ISA_USAGE = YES_ERROR;
				CLANG_WARN_DOCUMENTATION_COMMENTS = YES;
				CLANG_WARN_EMPTY_BODY = YES;
				CLANG_WARN_ENUM_CONVERSION = YES;
				CLANG_WARN_INFINITE_RECURSION = YES;
				CLANG_WARN_INT_CONVERSION = YES;
				CLANG_WARN_NON_LITERAL_NULL_CONVERSION = YES;
				CLANG_WARN_OBJC_IMPLICIT_RETAIN_SELF = YES;
				CLANG_WARN_OBJC_LITERAL_CONVERSION = YES;
				CLANG_WARN_OBJC_ROOT_CLASS = YES_ERROR;
				CLANG_WARN_RANGE_LOOP_ANALYSIS = YES;
				CLANG_WARN_STRICT_PROTOTYPES = YES;
				CLANG_WARN_SUSPICIOUS_MOVE = YES;
				CLANG_WARN_UNGUARDED_AVAILABILITY = YES_AGGRESSIVE;
				CLANG_WARN_UNREACHABLE_CODE = YES;
				CLANG_WARN__DUPLICATE_METHOD_MATCH = YES;
				CODE_SIGN_IDENTITY = "iPhone Developer";
				COPY_PHASE_STRIP = NO;
				DEBUG_INFORMATION_FORMAT = "dwarf-with-dsym";
				ENABLE_NS_ASSERTIONS = NO;
				ENABLE_STRICT_OBJC_MSGSEND = YES;
				GCC_C_LANGUAGE_STANDARD = gnu11;
				GCC_NO_COMMON_BLOCKS = YES;
				GCC_WARN_64_TO_32_BIT_CONVERSION = YES;
				GCC_WARN_ABOUT_RETURN_TYPE = YES_ERROR;
				GCC_WARN_UNDECLARED_SELECTOR = YES;
				GCC_WARN_UNINITIALIZED_AUTOS = YES_AGGRESSIVE;
				GCC_WARN_UNUSED_FUNCTION = YES;
				GCC_WARN_UNUSED_VARIABLE = YES;
				IPHONEOS_DEPLOYMENT_TARGET = 12.1;
				MTL_ENABLE_DEBUG_INFO = NO;
				MTL_FAST_MATH = YES;
				SDKROOT = iphoneos;
				SWIFT_COMPILATION_MODE = wholemodule;
				SWIFT_OPTIMIZATION_LEVEL = "-O";
				VALIDATE_PRODUCT = YES;
			};
			name = Release;
		};
		A0F41D16219DE13F00598E4D /* Debug */ = {
			isa = XCBuildConfiguration;
			baseConfigurationReference = 403F960077449430D50A60E0 /* Pods-ArchitectureInterop.debug.xcconfig */;
			buildSettings = {
				ASSETCATALOG_COMPILER_APPICON_NAME = AppIcon;
				CODE_SIGN_STYLE = Automatic;
				DEVELOPMENT_TEAM = 3HGYZ8QVD6;
				INFOPLIST_FILE = ArchitectureInterop/Info.plist;
				LD_RUNPATH_SEARCH_PATHS = "$(inherited) @executable_path/Frameworks";
				PRODUCT_BUNDLE_IDENTIFIER = com.edulpn.ArchitectureInterop;
				PRODUCT_NAME = "$(TARGET_NAME)";
				SWIFT_VERSION = 4.2;
				TARGETED_DEVICE_FAMILY = "1,2";
			};
			name = Debug;
		};
		A0F41D17219DE13F00598E4D /* Release */ = {
			isa = XCBuildConfiguration;
			baseConfigurationReference = DD8A9260ECF022BFAACA6EF3 /* Pods-ArchitectureInterop.release.xcconfig */;
			buildSettings = {
				ASSETCATALOG_COMPILER_APPICON_NAME = AppIcon;
				CODE_SIGN_STYLE = Automatic;
				DEVELOPMENT_TEAM = 3HGYZ8QVD6;
				INFOPLIST_FILE = ArchitectureInterop/Info.plist;
				LD_RUNPATH_SEARCH_PATHS = "$(inherited) @executable_path/Frameworks";
				PRODUCT_BUNDLE_IDENTIFIER = com.edulpn.ArchitectureInterop;
				PRODUCT_NAME = "$(TARGET_NAME)";
				SWIFT_VERSION = 4.2;
				TARGETED_DEVICE_FAMILY = "1,2";
			};
			name = Release;
		};
		A0F41D19219DE13F00598E4D /* Debug */ = {
			isa = XCBuildConfiguration;
			baseConfigurationReference = 9F268863FC9B270D11DFF170 /* Pods-ArchitectureInteropTests.debug.xcconfig */;
			buildSettings = {
				ALWAYS_EMBED_SWIFT_STANDARD_LIBRARIES = YES;
				BUNDLE_LOADER = "$(TEST_HOST)";
				CODE_SIGN_STYLE = Automatic;
				DEVELOPMENT_TEAM = 3HGYZ8QVD6;
				INFOPLIST_FILE = ArchitectureInteropTests/Info.plist;
				LD_RUNPATH_SEARCH_PATHS = "$(inherited) @executable_path/Frameworks @loader_path/Frameworks";
				PRODUCT_BUNDLE_IDENTIFIER = com.edulpn.ArchitectureInteropTests;
				PRODUCT_NAME = "$(TARGET_NAME)";
				SWIFT_VERSION = 4.2;
				TARGETED_DEVICE_FAMILY = "1,2";
				TEST_HOST = "$(BUILT_PRODUCTS_DIR)/ArchitectureInterop.app/ArchitectureInterop";
			};
			name = Debug;
		};
		A0F41D1A219DE13F00598E4D /* Release */ = {
			isa = XCBuildConfiguration;
			baseConfigurationReference = 2E7522E71AE851E7E98040B0 /* Pods-ArchitectureInteropTests.release.xcconfig */;
			buildSettings = {
				ALWAYS_EMBED_SWIFT_STANDARD_LIBRARIES = YES;
				BUNDLE_LOADER = "$(TEST_HOST)";
				CODE_SIGN_STYLE = Automatic;
				DEVELOPMENT_TEAM = 3HGYZ8QVD6;
				INFOPLIST_FILE = ArchitectureInteropTests/Info.plist;
				LD_RUNPATH_SEARCH_PATHS = "$(inherited) @executable_path/Frameworks @loader_path/Frameworks";
				PRODUCT_BUNDLE_IDENTIFIER = com.edulpn.ArchitectureInteropTests;
				PRODUCT_NAME = "$(TARGET_NAME)";
				SWIFT_VERSION = 4.2;
				TARGETED_DEVICE_FAMILY = "1,2";
				TEST_HOST = "$(BUILT_PRODUCTS_DIR)/ArchitectureInterop.app/ArchitectureInterop";
			};
			name = Release;
		};
/* End XCBuildConfiguration section */

/* Begin XCConfigurationList section */
		A0F41CF3219DE13D00598E4D /* Build configuration list for PBXProject "ArchitectureInterop" */ = {
			isa = XCConfigurationList;
			buildConfigurations = (
				A0F41D13219DE13F00598E4D /* Debug */,
				A0F41D14219DE13F00598E4D /* Release */,
			);
			defaultConfigurationIsVisible = 0;
			defaultConfigurationName = Release;
		};
		A0F41D15219DE13F00598E4D /* Build configuration list for PBXNativeTarget "ArchitectureInterop" */ = {
			isa = XCConfigurationList;
			buildConfigurations = (
				A0F41D16219DE13F00598E4D /* Debug */,
				A0F41D17219DE13F00598E4D /* Release */,
			);
			defaultConfigurationIsVisible = 0;
			defaultConfigurationName = Release;
		};
		A0F41D18219DE13F00598E4D /* Build configuration list for PBXNativeTarget "ArchitectureInteropTests" */ = {
			isa = XCConfigurationList;
			buildConfigurations = (
				A0F41D19219DE13F00598E4D /* Debug */,
				A0F41D1A219DE13F00598E4D /* Release */,
			);
			defaultConfigurationIsVisible = 0;
			defaultConfigurationName = Release;
		};
/* End XCConfigurationList section */
	};
	rootObject = A0F41CF0219DE13D00598E4D /* Project object */;
}
